
Microsoft Visual Studio Solution File, Format Version 12.00
# Visual Studio Version 17
VisualStudioVersion = 17.0.32112.339
MinimumVisualStudioVersion = 10.0.40219.1
Project("{FAE04EC0-301F-11D3-BF4B-00C04F79EFBC}") = "SH_WindowsForms_Task6", "SH_WindowsForms_Task6\SH_WindowsForms_Task6.csproj", "{E2228332-F2A5-4587-B743-F83EC1129833}"
EndProject
Global
	GlobalSection(SolutionConfigurationPlatforms) = preSolution
		Debug|Any CPU = Debug|Any CPU
		Release|Any CPU = Release|Any CPU
	EndGlobalSection
	GlobalSection(ProjectConfigurationPlatforms) = postSolution
		{E2228332-F2A5-4587-B743-F83EC1129833}.Debug|Any CPU.ActiveCfg = Debug|Any CPU
		{E2228332-F2A5-4587-B743-F83EC1129833}.Debug|Any CPU.Build.0 = Debug|Any CPU
		{E2228332-F2A5-4587-B743-F83EC1129833}.Release|Any CPU.ActiveCfg = Release|Any CPU
		{E2228332-F2A5-4587-B743-F83EC1129833}.Release|Any CPU.Build.0 = Release|Any CPU
	EndGlobalSection
	GlobalSection(SolutionProperties) = preSolution
		HideSolutionNode = FALSE
	EndGlobalSection
	GlobalSection(ExtensibilityGlobals) = postSolution
		SolutionGuid = {DC8672FC-A1E9-4114-9BD4-159339EF24F5}
	EndGlobalSection
EndGlobal
